
Microsoft Visual Studio Solution File, Format Version 12.00
# Visual Studio 15
VisualStudioVersion = 15.0.26730.12
MinimumVisualStudioVersion = 10.0.40219.1
Project("{888888A0-9F3D-457C-B088-3A5042F75D52}") = "DocRepairClassify", "DocRepairClassify\DocRepairClassify.pyproj", "{0C373396-A5F0-4572-AAAB-BDC74A05AC7D}"
EndProject
Global
	GlobalSection(SolutionConfigurationPlatforms) = preSolution
		Debug|Any CPU = Debug|Any CPU
		Release|Any CPU = Release|Any CPU
	EndGlobalSection
	GlobalSection(ProjectConfigurationPlatforms) = postSolution
		{0C373396-A5F0-4572-AAAB-BDC74A05AC7D}.Debug|Any CPU.ActiveCfg = Debug|Any CPU
		{0C373396-A5F0-4572-AAAB-BDC74A05AC7D}.Release|Any CPU.ActiveCfg = Release|Any CPU
	EndGlobalSection
	GlobalSection(SolutionProperties) = preSolution
		HideSolutionNode = FALSE
	EndGlobalSection
	GlobalSection(ExtensibilityGlobals) = postSolution
		SolutionGuid = {7139E270-768F-46F1-B5AD-5B18D4D55E66}
	EndGlobalSection
EndGlobal
